
Microsoft Visual Studio Solution File, Format Version 12.00
# Visual Studio Version 17
VisualStudioVersion = 17.14.36025.13 d17.14
MinimumVisualStudioVersion = 10.0.40219.1
Project("{FAE04EC0-301F-11D3-BF4B-00C04F79EFBC}") = "ProcessFeatureDemo", "ProcessFeatureDemo.csproj", "{147CAAE1-8B6C-E43F-A06F-B3668E07E57C}"
EndProject
Global
	GlobalSection(SolutionConfigurationPlatforms) = preSolution
		Debug|Any CPU = Debug|Any CPU
		Release|Any CPU = Release|Any CPU
	EndGlobalSection
	GlobalSection(ProjectConfigurationPlatforms) = postSolution
		{147CAAE1-8B6C-E43F-A06F-B3668E07E57C}.Debug|Any CPU.ActiveCfg = Debug|Any CPU
		{147CAAE1-8B6C-E43F-A06F-B3668E07E57C}.Debug|Any CPU.Build.0 = Debug|Any CPU
		{147CAAE1-8B6C-E43F-A06F-B3668E07E57C}.Release|Any CPU.ActiveCfg = Release|Any CPU
		{147CAAE1-8B6C-E43F-A06F-B3668E07E57C}.Release|Any CPU.Build.0 = Release|Any CPU
	EndGlobalSection
	GlobalSection(SolutionProperties) = preSolution
		HideSolutionNode = FALSE
	EndGlobalSection
	GlobalSection(ExtensibilityGlobals) = postSolution
		SolutionGuid = {8F795790-477F-4D23-AEC0-3A5AB2011928}
	EndGlobalSection
EndGlobal
